// !$*UTF8*$!
{
	archiveVersion = 1;
	classes = {
	};
	objectVersion = 55;
	objects = {

/* Begin PBXBuildFile section */
		C7498B68290EC6600010882F /* User.swift in Sources */ = {isa = PBXBuildFile; fileRef = C7498B67290EC6600010882F /* User.swift */; };
		C7498B6A290EC6D50010882F /* PicterestImage.swift in Sources */ = {isa = PBXBuildFile; fileRef = C7498B69290EC6D50010882F /* PicterestImage.swift */; };
		C7498B6D290EC7EA0010882F /* ImagesRepository.swift in Sources */ = {isa = PBXBuildFile; fileRef = C7498B6C290EC7EA0010882F /* ImagesRepository.swift */; };
		C7498B6F290EC8830010882F /* ImageQuery.swift in Sources */ = {isa = PBXBuildFile; fileRef = C7498B6E290EC8830010882F /* ImageQuery.swift */; };
		C7498B71290EC8D40010882F /* LoginRepository.swift in Sources */ = {isa = PBXBuildFile; fileRef = C7498B70290EC8D40010882F /* LoginRepository.swift */; };
		C7498B74290ED08B0010882F /* LoginUseCase.swift in Sources */ = {isa = PBXBuildFile; fileRef = C7498B73290ED08B0010882F /* LoginUseCase.swift */; };
		C7498B79290ED3690010882F /* AppFlowCoordinator.swift in Sources */ = {isa = PBXBuildFile; fileRef = C7498B78290ED3690010882F /* AppFlowCoordinator.swift */; };
		C7498B7B290ED4650010882F /* AppDIContainer.swift in Sources */ = {isa = PBXBuildFile; fileRef = C7498B7A290ED4650010882F /* AppDIContainer.swift */; };
		C7498B7E290EE2910010882F /* LoginDIContainer.swift in Sources */ = {isa = PBXBuildFile; fileRef = C7498B7D290EE2910010882F /* LoginDIContainer.swift */; };
		C7498B80290EEB270010882F /* LoginViewController.storyboard in Resources */ = {isa = PBXBuildFile; fileRef = C7498B7F290EEB270010882F /* LoginViewController.storyboard */; };
		C7498B82290EEB340010882F /* LoginViewController.swift in Sources */ = {isa = PBXBuildFile; fileRef = C7498B81290EEB340010882F /* LoginViewController.swift */; };
		C7498B86290EEF190010882F /* StoryboardInsantiable.swift in Sources */ = {isa = PBXBuildFile; fileRef = C7498B85290EEF190010882F /* StoryboardInsantiable.swift */; };
		C7498B89290F717F0010882F /* LoginFlowCoordinator.swift in Sources */ = {isa = PBXBuildFile; fileRef = C7498B88290F717F0010882F /* LoginFlowCoordinator.swift */; };
		C7498B8D290F83990010882F /* LoginViewModel.swift in Sources */ = {isa = PBXBuildFile; fileRef = C7498B8C290F83990010882F /* LoginViewModel.swift */; };
		C7498B91290F84870010882F /* KakaoLoginRepository.swift in Sources */ = {isa = PBXBuildFile; fileRef = C7498B90290F84870010882F /* KakaoLoginRepository.swift */; };
		C7498B962912A4260010882F /* GoogleLoginRepository.swift in Sources */ = {isa = PBXBuildFile; fileRef = C7498B952912A4260010882F /* GoogleLoginRepository.swift */; };
		C7498BA3291812CB0010882F /* TabBarCoordinator.swift in Sources */ = {isa = PBXBuildFile; fileRef = C7498BA2291812CB0010882F /* TabBarCoordinator.swift */; };
		C7498BA5291A2E8C0010882F /* TabBarDIContainer.swift in Sources */ = {isa = PBXBuildFile; fileRef = C7498BA4291A2E8C0010882F /* TabBarDIContainer.swift */; };
		C7498BAA291ABB2D0010882F /* UserInfoViewController.swift in Sources */ = {isa = PBXBuildFile; fileRef = C7498BA9291ABB2D0010882F /* UserInfoViewController.swift */; };
		C7498BAE291ABB680010882F /* TabBarController.storyboard in Resources */ = {isa = PBXBuildFile; fileRef = C7498BAD291ABB680010882F /* TabBarController.storyboard */; };
		C7498BB2291ABBCC0010882F /* TabBarController.swift in Sources */ = {isa = PBXBuildFile; fileRef = C7498BB1291ABBCC0010882F /* TabBarController.swift */; };
		C7498BB5291EABA50010882F /* UserInfoViewModel.swift in Sources */ = {isa = PBXBuildFile; fileRef = C7498BB4291EABA50010882F /* UserInfoViewModel.swift */; };
		C7498BB7291EB5BD0010882F /* UserInfoDIContainer.swift in Sources */ = {isa = PBXBuildFile; fileRef = C7498BB6291EB5BD0010882F /* UserInfoDIContainer.swift */; };
		C7498BBA291EB7700010882F /* UserInfoFlowCoordinator.swift in Sources */ = {isa = PBXBuildFile; fileRef = C7498BB9291EB7700010882F /* UserInfoFlowCoordinator.swift */; };
		C7498BBC291F6B1D0010882F /* UserInfoViewController.storyboard in Resources */ = {isa = PBXBuildFile; fileRef = C7498BBB291F6B1D0010882F /* UserInfoViewController.storyboard */; };
		C7498BC22923561A0010882F /* ImageListViewController.swift in Sources */ = {isa = PBXBuildFile; fileRef = C7498BC12923561A0010882F /* ImageListViewController.swift */; };
		C7498BC4292356620010882F /* ImageListViewController.storyboard in Resources */ = {isa = PBXBuildFile; fileRef = C7498BC3292356620010882F /* ImageListViewController.storyboard */; };
		C7498BC829252C860010882F /* ImageListCollectionViewController.swift in Sources */ = {isa = PBXBuildFile; fileRef = C7498BC729252C860010882F /* ImageListCollectionViewController.swift */; };
		C7498C0629269DFE0010882F /* TabBarChildCoordinator.swift in Sources */ = {isa = PBXBuildFile; fileRef = C7498C0529269DFE0010882F /* TabBarChildCoordinator.swift */; };
		C7498C092926A1CC0010882F /* ImageListFlowCoordinator.swift in Sources */ = {isa = PBXBuildFile; fileRef = C7498C082926A1CC0010882F /* ImageListFlowCoordinator.swift */; };
		C7498C0B2927447F0010882F /* ImageListDIContainer.swift in Sources */ = {isa = PBXBuildFile; fileRef = C7498C0A2927447F0010882F /* ImageListDIContainer.swift */; };
		C7498C0E2929411E0010882F /* ImageListViewModel.swift in Sources */ = {isa = PBXBuildFile; fileRef = C7498C0D2929411E0010882F /* ImageListViewModel.swift */; };
		C7498C1029295BAE0010882F /* FetchRecommendImageUseCase.swift in Sources */ = {isa = PBXBuildFile; fileRef = C7498C0F29295BAE0010882F /* FetchRecommendImageUseCase.swift */; };
		C75E1A3C2938FB9000778CD1 /* NetworkService.swift in Sources */ = {isa = PBXBuildFile; fileRef = C75E1A3B2938FB9000778CD1 /* NetworkService.swift */; };
		C75E1A3F293D956100778CD1 /* ImagesResponseDTO.swift in Sources */ = {isa = PBXBuildFile; fileRef = C75E1A3E293D956100778CD1 /* ImagesResponseDTO.swift */; };
		C7F77A4028A162A600C2F947 /* AppDelegate.swift in Sources */ = {isa = PBXBuildFile; fileRef = C7F77A3F28A162A600C2F947 /* AppDelegate.swift */; };
		C7F77A4228A162A600C2F947 /* SceneDelegate.swift in Sources */ = {isa = PBXBuildFile; fileRef = C7F77A4128A162A600C2F947 /* SceneDelegate.swift */; };
		C7F77A4928A162A700C2F947 /* Assets.xcassets in Resources */ = {isa = PBXBuildFile; fileRef = C7F77A4828A162A700C2F947 /* Assets.xcassets */; };
		C7F77A4C28A162A700C2F947 /* LaunchScreen.storyboard in Resources */ = {isa = PBXBuildFile; fileRef = C7F77A4A28A162A700C2F947 /* LaunchScreen.storyboard */; };
		F50ED9C69646EFE4FEE3A34C /* Pods_PircterestGallery.framework in Frameworks */ = {isa = PBXBuildFile; fileRef = 90FDA1E11A1F82E20141FD2D /* Pods_PircterestGallery.framework */; };
/* End PBXBuildFile section */

/* Begin PBXFileReference section */
		4906D2C9614A9E00A7E3BFAF /* Pods-PircterestGallery.debug.xcconfig */ = {isa = PBXFileReference; includeInIndex = 1; lastKnownFileType = text.xcconfig; name = "Pods-PircterestGallery.debug.xcconfig"; path = "Target Support Files/Pods-PircterestGallery/Pods-PircterestGallery.debug.xcconfig"; sourceTree = "<group>"; };
		90FDA1E11A1F82E20141FD2D /* Pods_PircterestGallery.framework */ = {isa = PBXFileReference; explicitFileType = wrapper.framework; includeInIndex = 0; path = Pods_PircterestGallery.framework; sourceTree = BUILT_PRODUCTS_DIR; };
		9C83E1698022D83E0323AB25 /* Pods-PircterestGallery.release.xcconfig */ = {isa = PBXFileReference; includeInIndex = 1; lastKnownFileType = text.xcconfig; name = "Pods-PircterestGallery.release.xcconfig"; path = "Target Support Files/Pods-PircterestGallery/Pods-PircterestGallery.release.xcconfig"; sourceTree = "<group>"; };
		C7498B67290EC6600010882F /* User.swift */ = {isa = PBXFileReference; lastKnownFileType = sourcecode.swift; path = User.swift; sourceTree = "<group>"; };
		C7498B69290EC6D50010882F /* PicterestImage.swift */ = {isa = PBXFileReference; lastKnownFileType = sourcecode.swift; path = PicterestImage.swift; sourceTree = "<group>"; };
		C7498B6C290EC7EA0010882F /* ImagesRepository.swift */ = {isa = PBXFileReference; lastKnownFileType = sourcecode.swift; path = ImagesRepository.swift; sourceTree = "<group>"; };
		C7498B6E290EC8830010882F /* ImageQuery.swift */ = {isa = PBXFileReference; lastKnownFileType = sourcecode.swift; path = ImageQuery.swift; sourceTree = "<group>"; };
		C7498B70290EC8D40010882F /* LoginRepository.swift */ = {isa = PBXFileReference; lastKnownFileType = sourcecode.swift; path = LoginRepository.swift; sourceTree = "<group>"; };
		C7498B73290ED08B0010882F /* LoginUseCase.swift */ = {isa = PBXFileReference; lastKnownFileType = sourcecode.swift; path = LoginUseCase.swift; sourceTree = "<group>"; };
		C7498B78290ED3690010882F /* AppFlowCoordinator.swift */ = {isa = PBXFileReference; lastKnownFileType = sourcecode.swift; path = AppFlowCoordinator.swift; sourceTree = "<group>"; };
		C7498B7A290ED4650010882F /* AppDIContainer.swift */ = {isa = PBXFileReference; lastKnownFileType = sourcecode.swift; path = AppDIContainer.swift; sourceTree = "<group>"; };
		C7498B7D290EE2910010882F /* LoginDIContainer.swift */ = {isa = PBXFileReference; lastKnownFileType = sourcecode.swift; path = LoginDIContainer.swift; sourceTree = "<group>"; };
		C7498B7F290EEB270010882F /* LoginViewController.storyboard */ = {isa = PBXFileReference; lastKnownFileType = file.storyboard; path = LoginViewController.storyboard; sourceTree = "<group>"; };
		C7498B81290EEB340010882F /* LoginViewController.swift */ = {isa = PBXFileReference; lastKnownFileType = sourcecode.swift; path = LoginViewController.swift; sourceTree = "<group>"; };
		C7498B85290EEF190010882F /* StoryboardInsantiable.swift */ = {isa = PBXFileReference; lastKnownFileType = sourcecode.swift; path = StoryboardInsantiable.swift; sourceTree = "<group>"; };
		C7498B88290F717F0010882F /* LoginFlowCoordinator.swift */ = {isa = PBXFileReference; lastKnownFileType = sourcecode.swift; path = LoginFlowCoordinator.swift; sourceTree = "<group>"; };
		C7498B8C290F83990010882F /* LoginViewModel.swift */ = {isa = PBXFileReference; lastKnownFileType = sourcecode.swift; path = LoginViewModel.swift; sourceTree = "<group>"; };
		C7498B90290F84870010882F /* KakaoLoginRepository.swift */ = {isa = PBXFileReference; lastKnownFileType = sourcecode.swift; path = KakaoLoginRepository.swift; sourceTree = "<group>"; };
		C7498B952912A4260010882F /* GoogleLoginRepository.swift */ = {isa = PBXFileReference; lastKnownFileType = sourcecode.swift; path = GoogleLoginRepository.swift; sourceTree = "<group>"; };
		C7498B972912C9560010882F /* Config.xcconfig */ = {isa = PBXFileReference; lastKnownFileType = text.xcconfig; path = Config.xcconfig; sourceTree = "<group>"; };
		C7498BA2291812CB0010882F /* TabBarCoordinator.swift */ = {isa = PBXFileReference; lastKnownFileType = sourcecode.swift; path = TabBarCoordinator.swift; sourceTree = "<group>"; };
		C7498BA4291A2E8C0010882F /* TabBarDIContainer.swift */ = {isa = PBXFileReference; lastKnownFileType = sourcecode.swift; path = TabBarDIContainer.swift; sourceTree = "<group>"; };
		C7498BA9291ABB2D0010882F /* UserInfoViewController.swift */ = {isa = PBXFileReference; lastKnownFileType = sourcecode.swift; path = UserInfoViewController.swift; sourceTree = "<group>"; };
		C7498BAD291ABB680010882F /* TabBarController.storyboard */ = {isa = PBXFileReference; lastKnownFileType = file.storyboard; path = TabBarController.storyboard; sourceTree = "<group>"; };
		C7498BB1291ABBCC0010882F /* TabBarController.swift */ = {isa = PBXFileReference; lastKnownFileType = sourcecode.swift; path = TabBarController.swift; sourceTree = "<group>"; };
		C7498BB4291EABA50010882F /* UserInfoViewModel.swift */ = {isa = PBXFileReference; lastKnownFileType = sourcecode.swift; path = UserInfoViewModel.swift; sourceTree = "<group>"; };
		C7498BB6291EB5BD0010882F /* UserInfoDIContainer.swift */ = {isa = PBXFileReference; lastKnownFileType = sourcecode.swift; path = UserInfoDIContainer.swift; sourceTree = "<group>"; };
		C7498BB9291EB7700010882F /* UserInfoFlowCoordinator.swift */ = {isa = PBXFileReference; lastKnownFileType = sourcecode.swift; path = UserInfoFlowCoordinator.swift; sourceTree = "<group>"; };
		C7498BBB291F6B1D0010882F /* UserInfoViewController.storyboard */ = {isa = PBXFileReference; lastKnownFileType = file.storyboard; path = UserInfoViewController.storyboard; sourceTree = "<group>"; };
		C7498BC12923561A0010882F /* ImageListViewController.swift */ = {isa = PBXFileReference; lastKnownFileType = sourcecode.swift; path = ImageListViewController.swift; sourceTree = "<group>"; };
		C7498BC3292356620010882F /* ImageListViewController.storyboard */ = {isa = PBXFileReference; lastKnownFileType = file.storyboard; path = ImageListViewController.storyboard; sourceTree = "<group>"; };
		C7498BC729252C860010882F /* ImageListCollectionViewController.swift */ = {isa = PBXFileReference; lastKnownFileType = sourcecode.swift; path = ImageListCollectionViewController.swift; sourceTree = "<group>"; };
		C7498C0529269DFE0010882F /* TabBarChildCoordinator.swift */ = {isa = PBXFileReference; lastKnownFileType = sourcecode.swift; path = TabBarChildCoordinator.swift; sourceTree = "<group>"; };
		C7498C082926A1CC0010882F /* ImageListFlowCoordinator.swift */ = {isa = PBXFileReference; lastKnownFileType = sourcecode.swift; path = ImageListFlowCoordinator.swift; sourceTree = "<group>"; };
		C7498C0A2927447F0010882F /* ImageListDIContainer.swift */ = {isa = PBXFileReference; lastKnownFileType = sourcecode.swift; path = ImageListDIContainer.swift; sourceTree = "<group>"; };
		C7498C0D2929411E0010882F /* ImageListViewModel.swift */ = {isa = PBXFileReference; lastKnownFileType = sourcecode.swift; path = ImageListViewModel.swift; sourceTree = "<group>"; };
		C7498C0F29295BAE0010882F /* FetchRecommendImageUseCase.swift */ = {isa = PBXFileReference; lastKnownFileType = sourcecode.swift; path = FetchRecommendImageUseCase.swift; sourceTree = "<group>"; };
		C75E1A3B2938FB9000778CD1 /* NetworkService.swift */ = {isa = PBXFileReference; lastKnownFileType = sourcecode.swift; path = NetworkService.swift; sourceTree = "<group>"; };
		C75E1A3E293D956100778CD1 /* ImagesResponseDTO.swift */ = {isa = PBXFileReference; lastKnownFileType = sourcecode.swift; path = ImagesResponseDTO.swift; sourceTree = "<group>"; };
		C7F77A3C28A162A600C2F947 /* PircterestGallery.app */ = {isa = PBXFileReference; explicitFileType = wrapper.application; includeInIndex = 0; path = PircterestGallery.app; sourceTree = BUILT_PRODUCTS_DIR; };
		C7F77A3F28A162A600C2F947 /* AppDelegate.swift */ = {isa = PBXFileReference; lastKnownFileType = sourcecode.swift; path = AppDelegate.swift; sourceTree = "<group>"; };
		C7F77A4128A162A600C2F947 /* SceneDelegate.swift */ = {isa = PBXFileReference; lastKnownFileType = sourcecode.swift; path = SceneDelegate.swift; sourceTree = "<group>"; };
		C7F77A4828A162A700C2F947 /* Assets.xcassets */ = {isa = PBXFileReference; lastKnownFileType = folder.assetcatalog; path = Assets.xcassets; sourceTree = "<group>"; };
		C7F77A4B28A162A700C2F947 /* Base */ = {isa = PBXFileReference; lastKnownFileType = file.storyboard; name = Base; path = Base.lproj/LaunchScreen.storyboard; sourceTree = "<group>"; };
		C7F77A4D28A162A700C2F947 /* Info.plist */ = {isa = PBXFileReference; lastKnownFileType = text.plist.xml; path = Info.plist; sourceTree = "<group>"; };
/* End PBXFileReference section */

/* Begin PBXFrameworksBuildPhase section */
		C7F77A3928A162A600C2F947 /* Frameworks */ = {
			isa = PBXFrameworksBuildPhase;
			buildActionMask = 2147483647;
			files = (
				F50ED9C69646EFE4FEE3A34C /* Pods_PircterestGallery.framework in Frameworks */,
			);
			runOnlyForDeploymentPostprocessing = 0;
		};
/* End PBXFrameworksBuildPhase section */

/* Begin PBXGroup section */
		2ACA3A5B1371FC8D1EB31C99 /* Frameworks */ = {
			isa = PBXGroup;
			children = (
				90FDA1E11A1F82E20141FD2D /* Pods_PircterestGallery.framework */,
			);
			name = Frameworks;
			sourceTree = "<group>";
		};
		5A82672985A35EB07A42B2BB /* Pods */ = {
			isa = PBXGroup;
			children = (
				4906D2C9614A9E00A7E3BFAF /* Pods-PircterestGallery.debug.xcconfig */,
				9C83E1698022D83E0323AB25 /* Pods-PircterestGallery.release.xcconfig */,
			);
			path = Pods;
			sourceTree = "<group>";
		};
		C7498B65290EC6030010882F /* Domain */ = {
			isa = PBXGroup;
			children = (
				C7498B72290ED0750010882F /* UseCases */,
				C7498B6B290EC7BD0010882F /* Repositories */,
				C7498B66290EC6360010882F /* Entities */,
			);
			path = Domain;
			sourceTree = "<group>";
		};
		C7498B66290EC6360010882F /* Entities */ = {
			isa = PBXGroup;
			children = (
				C7498B67290EC6600010882F /* User.swift */,
				C7498B69290EC6D50010882F /* PicterestImage.swift */,
				C7498B6E290EC8830010882F /* ImageQuery.swift */,
			);
			path = Entities;
			sourceTree = "<group>";
		};
		C7498B6B290EC7BD0010882F /* Repositories */ = {
			isa = PBXGroup;
			children = (
				C7498B6C290EC7EA0010882F /* ImagesRepository.swift */,
				C7498B70290EC8D40010882F /* LoginRepository.swift */,
			);
			path = Repositories;
			sourceTree = "<group>";
		};
		C7498B72290ED0750010882F /* UseCases */ = {
			isa = PBXGroup;
			children = (
				C7498B73290ED08B0010882F /* LoginUseCase.swift */,
				C7498C0F29295BAE0010882F /* FetchRecommendImageUseCase.swift */,
			);
			path = UseCases;
			sourceTree = "<group>";
		};
		C7498B75290ED2570010882F /* Presentation */ = {
			isa = PBXGroup;
			children = (
				C7498BBD2923556C0010882F /* ImageScene */,
				C7498BAF291ABB7F0010882F /* UserInfo */,
				C7498BA1291812B70010882F /* TabBar */,
				C7498B76290ED2690010882F /* LoginScene */,
				C7498B83290EEEF30010882F /* Util */,
			);
			path = Presentation;
			sourceTree = "<group>";
		};
		C7498B76290ED2690010882F /* LoginScene */ = {
			isa = PBXGroup;
			children = (
				C7498B8B290F838A0010882F /* ViewModel */,
				C7498B8A290F83800010882F /* View */,
				C7498B87290F716F0010882F /* Flows */,
			);
			path = LoginScene;
			sourceTree = "<group>";
		};
		C7498B77290ED3440010882F /* Application */ = {
			isa = PBXGroup;
			children = (
				C7498B7C290ED4790010882F /* DIContainer */,
				C7F77A4128A162A600C2F947 /* SceneDelegate.swift */,
				C7F77A3F28A162A600C2F947 /* AppDelegate.swift */,
				C7498B78290ED3690010882F /* AppFlowCoordinator.swift */,
			);
			path = Application;
			sourceTree = "<group>";
		};
		C7498B7C290ED4790010882F /* DIContainer */ = {
			isa = PBXGroup;
			children = (
				C7498B7A290ED4650010882F /* AppDIContainer.swift */,
				C7498B7D290EE2910010882F /* LoginDIContainer.swift */,
				C7498BA4291A2E8C0010882F /* TabBarDIContainer.swift */,
				C7498BB6291EB5BD0010882F /* UserInfoDIContainer.swift */,
				C7498C0A2927447F0010882F /* ImageListDIContainer.swift */,
			);
			path = DIContainer;
			sourceTree = "<group>";
		};
		C7498B83290EEEF30010882F /* Util */ = {
			isa = PBXGroup;
			children = (
				C7498B84290EEF000010882F /* Protocols */,
			);
			path = Util;
			sourceTree = "<group>";
		};
		C7498B84290EEF000010882F /* Protocols */ = {
			isa = PBXGroup;
			children = (
				C7498B85290EEF190010882F /* StoryboardInsantiable.swift */,
			);
			path = Protocols;
			sourceTree = "<group>";
		};
		C7498B87290F716F0010882F /* Flows */ = {
			isa = PBXGroup;
			children = (
				C7498B88290F717F0010882F /* LoginFlowCoordinator.swift */,
			);
			path = Flows;
			sourceTree = "<group>";
		};
		C7498B8A290F83800010882F /* View */ = {
			isa = PBXGroup;
			children = (
				C7498B7F290EEB270010882F /* LoginViewController.storyboard */,
				C7498B81290EEB340010882F /* LoginViewController.swift */,
			);
			path = View;
			sourceTree = "<group>";
		};
		C7498B8B290F838A0010882F /* ViewModel */ = {
			isa = PBXGroup;
			children = (
				C7498B8C290F83990010882F /* LoginViewModel.swift */,
			);
			path = ViewModel;
			sourceTree = "<group>";
		};
		C7498B8E290F846B0010882F /* Infrastructure */ = {
			isa = PBXGroup;
			children = (
				C75E1A3A2938FB7C00778CD1 /* Network */,
				C7498B8F290F84760010882F /* Login */,
			);
			path = Infrastructure;
			sourceTree = "<group>";
		};
		C7498B8F290F84760010882F /* Login */ = {
			isa = PBXGroup;
			children = (
				C7498B90290F84870010882F /* KakaoLoginRepository.swift */,
				C7498B952912A4260010882F /* GoogleLoginRepository.swift */,
			);
			path = Login;
			sourceTree = "<group>";
		};
		C7498BA1291812B70010882F /* TabBar */ = {
			isa = PBXGroup;
			children = (
				C7498BA8291ABB1D0010882F /* View */,
				C7498BA6291ABAE00010882F /* Flows */,
			);
			path = TabBar;
			sourceTree = "<group>";
		};
		C7498BA6291ABAE00010882F /* Flows */ = {
			isa = PBXGroup;
			children = (
				C7498BA2291812CB0010882F /* TabBarCoordinator.swift */,
				C7498C0529269DFE0010882F /* TabBarChildCoordinator.swift */,
			);
			path = Flows;
			sourceTree = "<group>";
		};
		C7498BA8291ABB1D0010882F /* View */ = {
			isa = PBXGroup;
			children = (
				C7498BAD291ABB680010882F /* TabBarController.storyboard */,
				C7498BB1291ABBCC0010882F /* TabBarController.swift */,
			);
			path = View;
			sourceTree = "<group>";
		};
		C7498BAF291ABB7F0010882F /* UserInfo */ = {
			isa = PBXGroup;
			children = (
				C7498BB8291EB7540010882F /* Flows */,
				C7498BB3291EAB970010882F /* ViewModel */,
				C7498BB0291ABB8B0010882F /* View */,
			);
			path = UserInfo;
			sourceTree = "<group>";
		};
		C7498BB0291ABB8B0010882F /* View */ = {
			isa = PBXGroup;
			children = (
				C7498BA9291ABB2D0010882F /* UserInfoViewController.swift */,
				C7498BBB291F6B1D0010882F /* UserInfoViewController.storyboard */,
			);
			path = View;
			sourceTree = "<group>";
		};
		C7498BB3291EAB970010882F /* ViewModel */ = {
			isa = PBXGroup;
			children = (
				C7498BB4291EABA50010882F /* UserInfoViewModel.swift */,
			);
			path = ViewModel;
			sourceTree = "<group>";
		};
		C7498BB8291EB7540010882F /* Flows */ = {
			isa = PBXGroup;
			children = (
				C7498BB9291EB7700010882F /* UserInfoFlowCoordinator.swift */,
			);
			path = Flows;
			sourceTree = "<group>";
		};
		C7498BBD2923556C0010882F /* ImageScene */ = {
			isa = PBXGroup;
			children = (
				C7498BBF292355E80010882F /* ImageList */,
			);
			path = ImageScene;
			sourceTree = "<group>";
		};
		C7498BBF292355E80010882F /* ImageList */ = {
			isa = PBXGroup;
			children = (
				C7498C0C2929410F0010882F /* ViewModel */,
				C7498C072926A1AD0010882F /* Flows */,
				C7498BC0292355F90010882F /* View */,
			);
			path = ImageList;
			sourceTree = "<group>";
		};
		C7498BC0292355F90010882F /* View */ = {
			isa = PBXGroup;
			children = (
				C7498BC12923561A0010882F /* ImageListViewController.swift */,
				C7498BC3292356620010882F /* ImageListViewController.storyboard */,
				C7498BC629252C650010882F /* ImageListCollectionview */,
			);
			path = View;
			sourceTree = "<group>";
		};
		C7498BC629252C650010882F /* ImageListCollectionview */ = {
			isa = PBXGroup;
			children = (
				C7498BC729252C860010882F /* ImageListCollectionViewController.swift */,
			);
			path = ImageListCollectionview;
			sourceTree = "<group>";
		};
		C7498C072926A1AD0010882F /* Flows */ = {
			isa = PBXGroup;
			children = (
				C7498C082926A1CC0010882F /* ImageListFlowCoordinator.swift */,
			);
			path = Flows;
			sourceTree = "<group>";
		};
		C7498C0C2929410F0010882F /* ViewModel */ = {
			isa = PBXGroup;
			children = (
				C7498C0D2929411E0010882F /* ImageListViewModel.swift */,
			);
			path = ViewModel;
			sourceTree = "<group>";
		};
		C75E1A3A2938FB7C00778CD1 /* Network */ = {
			isa = PBXGroup;
			children = (
				C75E1A3D293D953C00778CD1 /* DataMapping */,
				C75E1A3B2938FB9000778CD1 /* NetworkService.swift */,
			);
			path = Network;
			sourceTree = "<group>";
		};
		C75E1A3D293D953C00778CD1 /* DataMapping */ = {
			isa = PBXGroup;
			children = (
				C75E1A3E293D956100778CD1 /* ImagesResponseDTO.swift */,
			);
			path = DataMapping;
			sourceTree = "<group>";
		};
		C7F77A3328A162A600C2F947 = {
			isa = PBXGroup;
			children = (
				C7F77A3E28A162A600C2F947 /* PircterestGallery */,
				C7F77A3D28A162A600C2F947 /* Products */,
				5A82672985A35EB07A42B2BB /* Pods */,
				2ACA3A5B1371FC8D1EB31C99 /* Frameworks */,
			);
			sourceTree = "<group>";
		};
		C7F77A3D28A162A600C2F947 /* Products */ = {
			isa = PBXGroup;
			children = (
				C7F77A3C28A162A600C2F947 /* PircterestGallery.app */,
			);
			name = Products;
			sourceTree = "<group>";
		};
		C7F77A3E28A162A600C2F947 /* PircterestGallery */ = {
			isa = PBXGroup;
			children = (
				C7498B77290ED3440010882F /* Application */,
				C7498B75290ED2570010882F /* Presentation */,
				C7498B65290EC6030010882F /* Domain */,
				C7498B8E290F846B0010882F /* Infrastructure */,
				C7F77A4828A162A700C2F947 /* Assets.xcassets */,
				C7F77A4A28A162A700C2F947 /* LaunchScreen.storyboard */,
				C7F77A4D28A162A700C2F947 /* Info.plist */,
				C7498B972912C9560010882F /* Config.xcconfig */,
			);
			path = PircterestGallery;
			sourceTree = "<group>";
		};
/* End PBXGroup section */

/* Begin PBXNativeTarget section */
		C7F77A3B28A162A600C2F947 /* PircterestGallery */ = {
			isa = PBXNativeTarget;
			buildConfigurationList = C7F77A5028A162A700C2F947 /* Build configuration list for PBXNativeTarget "PircterestGallery" */;
			buildPhases = (
				41A8A0BC763AEBA72F1A131C /* [CP] Check Pods Manifest.lock */,
				C7F77A3828A162A600C2F947 /* Sources */,
				C7F77A3928A162A600C2F947 /* Frameworks */,
				C7F77A3A28A162A600C2F947 /* Resources */,
				AF71FC063B79590E24B4766F /* [CP] Embed Pods Frameworks */,
			);
			buildRules = (
			);
			dependencies = (
			);
			name = PircterestGallery;
			packageProductDependencies = (
			);
			productName = PircterestGallery;
			productReference = C7F77A3C28A162A600C2F947 /* PircterestGallery.app */;
			productType = "com.apple.product-type.application";
		};
/* End PBXNativeTarget section */

/* Begin PBXProject section */
		C7F77A3428A162A600C2F947 /* Project object */ = {
			isa = PBXProject;
			attributes = {
				BuildIndependentTargetsInParallel = 1;
				LastSwiftUpdateCheck = 1340;
				LastUpgradeCheck = 1340;
				TargetAttributes = {
					C7F77A3B28A162A600C2F947 = {
						CreatedOnToolsVersion = 13.4.1;
					};
				};
			};
			buildConfigurationList = C7F77A3728A162A600C2F947 /* Build configuration list for PBXProject "PircterestGallery" */;
			compatibilityVersion = "Xcode 13.0";
			developmentRegion = en;
			hasScannedForEncodings = 0;
			knownRegions = (
				en,
				Base,
			);
			mainGroup = C7F77A3328A162A600C2F947;
			packageReferences = (
			);
			productRefGroup = C7F77A3D28A162A600C2F947 /* Products */;
			projectDirPath = "";
			projectRoot = "";
			targets = (
				C7F77A3B28A162A600C2F947 /* PircterestGallery */,
			);
		};
/* End PBXProject section */

/* Begin PBXResourcesBuildPhase section */
		C7F77A3A28A162A600C2F947 /* Resources */ = {
			isa = PBXResourcesBuildPhase;
			buildActionMask = 2147483647;
			files = (
				C7498B80290EEB270010882F /* LoginViewController.storyboard in Resources */,
				C7498BBC291F6B1D0010882F /* UserInfoViewController.storyboard in Resources */,
				C7498BAE291ABB680010882F /* TabBarController.storyboard in Resources */,
				C7F77A4C28A162A700C2F947 /* LaunchScreen.storyboard in Resources */,
				C7F77A4928A162A700C2F947 /* Assets.xcassets in Resources */,
				C7498BC4292356620010882F /* ImageListViewController.storyboard in Resources */,
			);
			runOnlyForDeploymentPostprocessing = 0;
		};
/* End PBXResourcesBuildPhase section */

/* Begin PBXShellScriptBuildPhase section */
		41A8A0BC763AEBA72F1A131C /* [CP] Check Pods Manifest.lock */ = {
			isa = PBXShellScriptBuildPhase;
			buildActionMask = 2147483647;
			files = (
			);
			inputFileListPaths = (
			);
			inputPaths = (
				"${PODS_PODFILE_DIR_PATH}/Podfile.lock",
				"${PODS_ROOT}/Manifest.lock",
			);
			name = "[CP] Check Pods Manifest.lock";
			outputFileListPaths = (
			);
			outputPaths = (
				"$(DERIVED_FILE_DIR)/Pods-PircterestGallery-checkManifestLockResult.txt",
			);
			runOnlyForDeploymentPostprocessing = 0;
			shellPath = /bin/sh;
			shellScript = "diff \"${PODS_PODFILE_DIR_PATH}/Podfile.lock\" \"${PODS_ROOT}/Manifest.lock\" > /dev/null\nif [ $? != 0 ] ; then\n    # print error to STDERR\n    echo \"error: The sandbox is not in sync with the Podfile.lock. Run 'pod install' or update your CocoaPods installation.\" >&2\n    exit 1\nfi\n# This output is used by Xcode 'outputs' to avoid re-running this script phase.\necho \"SUCCESS\" > \"${SCRIPT_OUTPUT_FILE_0}\"\n";
			showEnvVarsInLog = 0;
		};
		AF71FC063B79590E24B4766F /* [CP] Embed Pods Frameworks */ = {
			isa = PBXShellScriptBuildPhase;
			buildActionMask = 2147483647;
			files = (
			);
			inputFileListPaths = (
				"${PODS_ROOT}/Target Support Files/Pods-PircterestGallery/Pods-PircterestGallery-frameworks-${CONFIGURATION}-input-files.xcfilelist",
			);
			name = "[CP] Embed Pods Frameworks";
			outputFileListPaths = (
				"${PODS_ROOT}/Target Support Files/Pods-PircterestGallery/Pods-PircterestGallery-frameworks-${CONFIGURATION}-output-files.xcfilelist",
			);
			runOnlyForDeploymentPostprocessing = 0;
			shellPath = /bin/sh;
			shellScript = "\"${PODS_ROOT}/Target Support Files/Pods-PircterestGallery/Pods-PircterestGallery-frameworks.sh\"\n";
			showEnvVarsInLog = 0;
		};
/* End PBXShellScriptBuildPhase section */

/* Begin PBXSourcesBuildPhase section */
		C7F77A3828A162A600C2F947 /* Sources */ = {
			isa = PBXSourcesBuildPhase;
			buildActionMask = 2147483647;
			files = (
				C7498B82290EEB340010882F /* LoginViewController.swift in Sources */,
				C7498B86290EEF190010882F /* StoryboardInsantiable.swift in Sources */,
				C7498B6D290EC7EA0010882F /* ImagesRepository.swift in Sources */,
				C7498B79290ED3690010882F /* AppFlowCoordinator.swift in Sources */,
				C7498B7B290ED4650010882F /* AppDIContainer.swift in Sources */,
				C7498BB5291EABA50010882F /* UserInfoViewModel.swift in Sources */,
				C7498C0E2929411E0010882F /* ImageListViewModel.swift in Sources */,
				C7498B91290F84870010882F /* KakaoLoginRepository.swift in Sources */,
				C7498B7E290EE2910010882F /* LoginDIContainer.swift in Sources */,
				C75E1A3F293D956100778CD1 /* ImagesResponseDTO.swift in Sources */,
				C7F77A4028A162A600C2F947 /* AppDelegate.swift in Sources */,
				C75E1A3C2938FB9000778CD1 /* NetworkService.swift in Sources */,
				C7498B962912A4260010882F /* GoogleLoginRepository.swift in Sources */,
				C7498B6A290EC6D50010882F /* PicterestImage.swift in Sources */,
				C7498BA5291A2E8C0010882F /* TabBarDIContainer.swift in Sources */,
				C7498B8D290F83990010882F /* LoginViewModel.swift in Sources */,
				C7498C1029295BAE0010882F /* FetchRecommendImageUseCase.swift in Sources */,
				C7498B71290EC8D40010882F /* LoginRepository.swift in Sources */,
				C7F77A4228A162A600C2F947 /* SceneDelegate.swift in Sources */,
				C7498BC22923561A0010882F /* ImageListViewController.swift in Sources */,
				C7498C092926A1CC0010882F /* ImageListFlowCoordinator.swift in Sources */,
				C7498B89290F717F0010882F /* LoginFlowCoordinator.swift in Sources */,
				C7498BA3291812CB0010882F /* TabBarCoordinator.swift in Sources */,
				C7498B6F290EC8830010882F /* ImageQuery.swift in Sources */,
				C7498BAA291ABB2D0010882F /* UserInfoViewController.swift in Sources */,
				C7498BB2291ABBCC0010882F /* TabBarController.swift in Sources */,
				C7498BB7291EB5BD0010882F /* UserInfoDIContainer.swift in Sources */,
				C7498B68290EC6600010882F /* User.swift in Sources */,
				C7498B74290ED08B0010882F /* LoginUseCase.swift in Sources */,
				C7498C0B2927447F0010882F /* ImageListDIContainer.swift in Sources */,
				C7498BC829252C860010882F /* ImageListCollectionViewController.swift in Sources */,
				C7498BBA291EB7700010882F /* UserInfoFlowCoordinator.swift in Sources */,
				C7498C0629269DFE0010882F /* TabBarChildCoordinator.swift in Sources */,
			);
			runOnlyForDeploymentPostprocessing = 0;
		};
/* End PBXSourcesBuildPhase section */

/* Begin PBXVariantGroup section */
		C7F77A4A28A162A700C2F947 /* LaunchScreen.storyboard */ = {
			isa = PBXVariantGroup;
			children = (
				C7F77A4B28A162A700C2F947 /* Base */,
			);
			name = LaunchScreen.storyboard;
			sourceTree = "<group>";
		};
/* End PBXVariantGroup section */

/* Begin XCBuildConfiguration section */
		C7F77A4E28A162A700C2F947 /* Debug */ = {
			isa = XCBuildConfiguration;
			baseConfigurationReference = 4906D2C9614A9E00A7E3BFAF /* Pods-PircterestGallery.debug.xcconfig */;
			buildSettings = {
				ALWAYS_SEARCH_USER_PATHS = NO;
				CLANG_ANALYZER_NONNULL = YES;
				CLANG_ANALYZER_NUMBER_OBJECT_CONVERSION = YES_AGGRESSIVE;
				CLANG_CXX_LANGUAGE_STANDARD = "gnu++17";
				CLANG_ENABLE_MODULES = YES;
				CLANG_ENABLE_OBJC_ARC = YES;
				CLANG_ENABLE_OBJC_WEAK = YES;
				CLANG_WARN_BLOCK_CAPTURE_AUTORELEASING = YES;
				CLANG_WARN_BOOL_CONVERSION = YES;
				CLANG_WARN_COMMA = YES;
				CLANG_WARN_CONSTANT_CONVERSION = YES;
				CLANG_WARN_DEPRECATED_OBJC_IMPLEMENTATIONS = YES;
				CLANG_WARN_DIRECT_OBJC_ISA_USAGE = YES_ERROR;
				CLANG_WARN_DOCUMENTATION_COMMENTS = YES;
				CLANG_WARN_EMPTY_BODY = YES;
				CLANG_WARN_ENUM_CONVERSION = YES;
				CLANG_WARN_INFINITE_RECURSION = YES;
				CLANG_WARN_INT_CONVERSION = YES;
				CLANG_WARN_NON_LITERAL_NULL_CONVERSION = YES;
				CLANG_WARN_OBJC_IMPLICIT_RETAIN_SELF = YES;
				CLANG_WARN_OBJC_LITERAL_CONVERSION = YES;
				CLANG_WARN_OBJC_ROOT_CLASS = YES_ERROR;
				CLANG_WARN_QUOTED_INCLUDE_IN_FRAMEWORK_HEADER = YES;
				CLANG_WARN_RANGE_LOOP_ANALYSIS = YES;
				CLANG_WARN_STRICT_PROTOTYPES = YES;
				CLANG_WARN_SUSPICIOUS_MOVE = YES;
				CLANG_WARN_UNGUARDED_AVAILABILITY = YES_AGGRESSIVE;
				CLANG_WARN_UNREACHABLE_CODE = YES;
				CLANG_WARN__DUPLICATE_METHOD_MATCH = YES;
				COPY_PHASE_STRIP = NO;
				DEBUG_INFORMATION_FORMAT = dwarf;
				ENABLE_STRICT_OBJC_MSGSEND = YES;
				ENABLE_TESTABILITY = YES;
				GCC_C_LANGUAGE_STANDARD = gnu11;
				GCC_DYNAMIC_NO_PIC = NO;
				GCC_NO_COMMON_BLOCKS = YES;
				GCC_OPTIMIZATION_LEVEL = 0;
				GCC_PREPROCESSOR_DEFINITIONS = (
					"DEBUG=1",
					"$(inherited)",
				);
				GCC_WARN_64_TO_32_BIT_CONVERSION = YES;
				GCC_WARN_ABOUT_RETURN_TYPE = YES_ERROR;
				GCC_WARN_UNDECLARED_SELECTOR = YES;
				GCC_WARN_UNINITIALIZED_AUTOS = YES_AGGRESSIVE;
				GCC_WARN_UNUSED_FUNCTION = YES;
				GCC_WARN_UNUSED_VARIABLE = YES;
				IPHONEOS_DEPLOYMENT_TARGET = 15.5;
				MTL_ENABLE_DEBUG_INFO = INCLUDE_SOURCE;
				MTL_FAST_MATH = YES;
				ONLY_ACTIVE_ARCH = YES;
				SDKROOT = iphoneos;
				SWIFT_ACTIVE_COMPILATION_CONDITIONS = DEBUG;
				SWIFT_OPTIMIZATION_LEVEL = "-Onone";
			};
			name = Debug;
		};
		C7F77A4F28A162A700C2F947 /* Release */ = {
			isa = XCBuildConfiguration;
			baseConfigurationReference = 9C83E1698022D83E0323AB25 /* Pods-PircterestGallery.release.xcconfig */;
			buildSettings = {
				ALWAYS_SEARCH_USER_PATHS = NO;
				CLANG_ANALYZER_NONNULL = YES;
				CLANG_ANALYZER_NUMBER_OBJECT_CONVERSION = YES_AGGRESSIVE;
				CLANG_CXX_LANGUAGE_STANDARD = "gnu++17";
				CLANG_ENABLE_MODULES = YES;
				CLANG_ENABLE_OBJC_ARC = YES;
				CLANG_ENABLE_OBJC_WEAK = YES;
				CLANG_WARN_BLOCK_CAPTURE_AUTORELEASING = YES;
				CLANG_WARN_BOOL_CONVERSION = YES;
				CLANG_WARN_COMMA = YES;
				CLANG_WARN_CONSTANT_CONVERSION = YES;
				CLANG_WARN_DEPRECATED_OBJC_IMPLEMENTATIONS = YES;
				CLANG_WARN_DIRECT_OBJC_ISA_USAGE = YES_ERROR;
				CLANG_WARN_DOCUMENTATION_COMMENTS = YES;
				CLANG_WARN_EMPTY_BODY = YES;
				CLANG_WARN_ENUM_CONVERSION = YES;
				CLANG_WARN_INFINITE_RECURSION = YES;
				CLANG_WARN_INT_CONVERSION = YES;
				CLANG_WARN_NON_LITERAL_NULL_CONVERSION = YES;
				CLANG_WARN_OBJC_IMPLICIT_RETAIN_SELF = YES;
				CLANG_WARN_OBJC_LITERAL_CONVERSION = YES;
				CLANG_WARN_OBJC_ROOT_CLASS = YES_ERROR;
				CLANG_WARN_QUOTED_INCLUDE_IN_FRAMEWORK_HEADER = YES;
				CLANG_WARN_RANGE_LOOP_ANALYSIS = YES;
				CLANG_WARN_STRICT_PROTOTYPES = YES;
				CLANG_WARN_SUSPICIOUS_MOVE = YES;
				CLANG_WARN_UNGUARDED_AVAILABILITY = YES_AGGRESSIVE;
				CLANG_WARN_UNREACHABLE_CODE = YES;
				CLANG_WARN__DUPLICATE_METHOD_MATCH = YES;
				COPY_PHASE_STRIP = NO;
				DEBUG_INFORMATION_FORMAT = "dwarf-with-dsym";
				ENABLE_NS_ASSERTIONS = NO;
				ENABLE_STRICT_OBJC_MSGSEND = YES;
				GCC_C_LANGUAGE_STANDARD = gnu11;
				GCC_NO_COMMON_BLOCKS = YES;
				GCC_WARN_64_TO_32_BIT_CONVERSION = YES;
				GCC_WARN_ABOUT_RETURN_TYPE = YES_ERROR;
				GCC_WARN_UNDECLARED_SELECTOR = YES;
				GCC_WARN_UNINITIALIZED_AUTOS = YES_AGGRESSIVE;
				GCC_WARN_UNUSED_FUNCTION = YES;
				GCC_WARN_UNUSED_VARIABLE = YES;
				IPHONEOS_DEPLOYMENT_TARGET = 15.5;
				MTL_ENABLE_DEBUG_INFO = NO;
				MTL_FAST_MATH = YES;
				SDKROOT = iphoneos;
				SWIFT_COMPILATION_MODE = wholemodule;
				SWIFT_OPTIMIZATION_LEVEL = "-O";
				VALIDATE_PRODUCT = YES;
			};
			name = Release;
		};
		C7F77A5128A162A700C2F947 /* Debug */ = {
			isa = XCBuildConfiguration;
			baseConfigurationReference = C7498B972912C9560010882F /* Config.xcconfig */;
			buildSettings = {
				ASSETCATALOG_COMPILER_APPICON_NAME = AppIcon;
				ASSETCATALOG_COMPILER_GLOBAL_ACCENT_COLOR_NAME = AccentColor;
				CODE_SIGN_STYLE = Automatic;
				CURRENT_PROJECT_VERSION = 1;
				DEVELOPMENT_TEAM = SBAHW5F54N;
				GENERATE_INFOPLIST_FILE = YES;
				INFOPLIST_FILE = PircterestGallery/Info.plist;
				INFOPLIST_KEY_UIApplicationSupportsIndirectInputEvents = YES;
				INFOPLIST_KEY_UILaunchStoryboardName = LaunchScreen;
				INFOPLIST_KEY_UISupportedInterfaceOrientations_iPad = "UIInterfaceOrientationPortrait UIInterfaceOrientationPortraitUpsideDown UIInterfaceOrientationLandscapeLeft UIInterfaceOrientationLandscapeRight";
				INFOPLIST_KEY_UISupportedInterfaceOrientations_iPhone = "UIInterfaceOrientationPortrait UIInterfaceOrientationLandscapeLeft UIInterfaceOrientationLandscapeRight";
				LD_RUNPATH_SEARCH_PATHS = (
					"$(inherited)",
					"@executable_path/Frameworks",
				);
				MARKETING_VERSION = 1.0;
				PRODUCT_BUNDLE_IDENTIFIER = com.kimjunhwan.PircterestGallery;
				PRODUCT_NAME = "$(TARGET_NAME)";
				SWIFT_EMIT_LOC_STRINGS = YES;
				SWIFT_VERSION = 5.0;
				TARGETED_DEVICE_FAMILY = "1,2";
			};
			name = Debug;
		};
		C7F77A5228A162A700C2F947 /* Release */ = {
			isa = XCBuildConfiguration;
			baseConfigurationReference = 9C83E1698022D83E0323AB25 /* Pods-PircterestGallery.release.xcconfig */;
			buildSettings = {
				ASSETCATALOG_COMPILER_APPICON_NAME = AppIcon;
				ASSETCATALOG_COMPILER_GLOBAL_ACCENT_COLOR_NAME = AccentColor;
				CODE_SIGN_STYLE = Automatic;
				CURRENT_PROJECT_VERSION = 1;
				DEVELOPMENT_TEAM = SBAHW5F54N;
				GENERATE_INFOPLIST_FILE = YES;
				INFOPLIST_FILE = PircterestGallery/Info.plist;
				INFOPLIST_KEY_UIApplicationSupportsIndirectInputEvents = YES;
				INFOPLIST_KEY_UILaunchStoryboardName = LaunchScreen;
				INFOPLIST_KEY_UISupportedInterfaceOrientations_iPad = "UIInterfaceOrientationPortrait UIInterfaceOrientationPortraitUpsideDown UIInterfaceOrientationLandscapeLeft UIInterfaceOrientationLandscapeRight";
				INFOPLIST_KEY_UISupportedInterfaceOrientations_iPhone = "UIInterfaceOrientationPortrait UIInterfaceOrientationLandscapeLeft UIInterfaceOrientationLandscapeRight";
				LD_RUNPATH_SEARCH_PATHS = (
					"$(inherited)",
					"@executable_path/Frameworks",
				);
				MARKETING_VERSION = 1.0;
				PRODUCT_BUNDLE_IDENTIFIER = com.kimjunhwan.PircterestGallery;
				PRODUCT_NAME = "$(TARGET_NAME)";
				SWIFT_EMIT_LOC_STRINGS = YES;
				SWIFT_VERSION = 5.0;
				TARGETED_DEVICE_FAMILY = "1,2";
			};
			name = Release;
		};
/* End XCBuildConfiguration section */

/* Begin XCConfigurationList section */
		C7F77A3728A162A600C2F947 /* Build configuration list for PBXProject "PircterestGallery" */ = {
			isa = XCConfigurationList;
			buildConfigurations = (
				C7F77A4E28A162A700C2F947 /* Debug */,
				C7F77A4F28A162A700C2F947 /* Release */,
			);
			defaultConfigurationIsVisible = 0;
			defaultConfigurationName = Release;
		};
		C7F77A5028A162A700C2F947 /* Build configuration list for PBXNativeTarget "PircterestGallery" */ = {
			isa = XCConfigurationList;
			buildConfigurations = (
				C7F77A5128A162A700C2F947 /* Debug */,
				C7F77A5228A162A700C2F947 /* Release */,
			);
			defaultConfigurationIsVisible = 0;
			defaultConfigurationName = Release;
		};
/* End XCConfigurationList section */
	};
	rootObject = C7F77A3428A162A600C2F947 /* Project object */;
}
